
Microsoft Visual Studio Solution File, Format Version 12.00
# Visual Studio Version 16
VisualStudioVersion = 16.0.31205.134
MinimumVisualStudioVersion = 10.0.40219.1
Project("{9A19103F-16F7-4668-BE54-9A1E7A4F7556}") = "DevApplication", "DevApplication\DevApplication.csproj", "{59FF082C-6444-43A0-95D5-A00F41A3C1E6}"
EndProject
Project("{9A19103F-16F7-4668-BE54-9A1E7A4F7556}") = "DevApi", "DevApi\DevApi.csproj", "{2CF14E2C-C97E-4DD3-99E8-831A039E7A2C}"
EndProject
Project("{FAE04EC0-301F-11D3-BF4B-00C04F79EFBC}") = "TestApplication", "TestApplication\TestApplication.csproj", "{418ECFF0-E582-4C78-9402-B4483714AF65}"
EndProject
Global
	GlobalSection(SolutionConfigurationPlatforms) = preSolution
		Debug|Any CPU = Debug|Any CPU
		Release|Any CPU = Release|Any CPU
	EndGlobalSection
	GlobalSection(ProjectConfigurationPlatforms) = postSolution
		{59FF082C-6444-43A0-95D5-A00F41A3C1E6}.Debug|Any CPU.ActiveCfg = Debug|Any CPU
		{59FF082C-6444-43A0-95D5-A00F41A3C1E6}.Debug|Any CPU.Build.0 = Debug|Any CPU
		{59FF082C-6444-43A0-95D5-A00F41A3C1E6}.Release|Any CPU.ActiveCfg = Release|Any CPU
		{59FF082C-6444-43A0-95D5-A00F41A3C1E6}.Release|Any CPU.Build.0 = Release|Any CPU
		{2CF14E2C-C97E-4DD3-99E8-831A039E7A2C}.Debug|Any CPU.ActiveCfg = Debug|Any CPU
		{2CF14E2C-C97E-4DD3-99E8-831A039E7A2C}.Debug|Any CPU.Build.0 = Debug|Any CPU
		{2CF14E2C-C97E-4DD3-99E8-831A039E7A2C}.Release|Any CPU.ActiveCfg = Release|Any CPU
		{2CF14E2C-C97E-4DD3-99E8-831A039E7A2C}.Release|Any CPU.Build.0 = Release|Any CPU
		{418ECFF0-E582-4C78-9402-B4483714AF65}.Debug|Any CPU.ActiveCfg = Debug|Any CPU
		{418ECFF0-E582-4C78-9402-B4483714AF65}.Debug|Any CPU.Build.0 = Debug|Any CPU
		{418ECFF0-E582-4C78-9402-B4483714AF65}.Release|Any CPU.ActiveCfg = Release|Any CPU
		{418ECFF0-E582-4C78-9402-B4483714AF65}.Release|Any CPU.Build.0 = Release|Any CPU
	EndGlobalSection
	GlobalSection(SolutionProperties) = preSolution
		HideSolutionNode = FALSE
	EndGlobalSection
	GlobalSection(ExtensibilityGlobals) = postSolution
		SolutionGuid = {32566007-EC02-44C1-B515-5A387B7A0A3E}
	EndGlobalSection
EndGlobal
